{
  "name": "sdf",
  "version": "1.0.0",
  "lockfileVersion": 1,
  "requires": true,
  "dependencies": {
    "regl": {
      "version": "2.0.1",
      "resolved": "https://registry.npmjs.org/regl/-/regl-2.0.1.tgz",
      "integrity": "sha512-FKlRZJqAH1pW5LwjPUFalI/pijuXptjiPcqNWTCb74PlqGs7vbjghM6/0AU5LKEVxlpewZWTCvuiliRncOF/iA=="
    }
  }
}
